
Microsoft Visual Studio Solution File, Format Version 12.00
# Visual Studio 14
VisualStudioVersion = 14.0.25420.1
MinimumVisualStudioVersion = 10.0.40219.1
Project("{00D1A9C2-B5F0-4AF3-8072-F6C62B433612}") = "Tmpi.Pyrene.Database", "Tmpi.Pyrene.Database\Tmpi.Pyrene.Database.sqlproj", "{E36C2F27-7CB3-4DAF-BD1D-05E4A5172E5D}"
EndProject
Project("{2150E333-8FDC-42A3-9474-1A3956D46DE8}") = "Modules", "Modules", "{0EB21691-0EE0-423C-88AD-1D684D519DD1}"
EndProject
Project("{2150E333-8FDC-42A3-9474-1A3956D46DE8}") = "Common", "Common", "{50F15E47-FC18-4687-A7D8-F9FF4B7F0FAD}"
EndProject
Project("{2150E333-8FDC-42A3-9474-1A3956D46DE8}") = "Tests", "Tests", "{AD2338EE-38D8-48CA-8B11-C5249DA9205E}"
EndProject
Project("{FAE04EC0-301F-11D3-BF4B-00C04F79EFBC}") = "Tmpi.Pyrene.Services.ServiceModel", "Tmpi.Pyrene.Services.ServiceModel\Tmpi.Pyrene.Services.ServiceModel.csproj", "{E515A547-3E09-4F2E-B1F0-09D3E16FB36A}"
EndProject
Project("{FAE04EC0-301F-11D3-BF4B-00C04F79EFBC}") = "Tmpi.Pyrene.Services.ServiceInterface", "Tmpi.Pyrene.Services.ServiceInterface\Tmpi.Pyrene.Services.ServiceInterface.csproj", "{813F65D3-22F1-41DB-84FC-7CFFFBEAD768}"
EndProject
Project("{FAE04EC0-301F-11D3-BF4B-00C04F79EFBC}") = "Tmpi.Pyrene.Services", "Tmpi.Pyrene.Services\Tmpi.Pyrene.Services.csproj", "{5D4F7102-8811-420E-930C-98CC13182D29}"
EndProject
Project("{FAE04EC0-301F-11D3-BF4B-00C04F79EFBC}") = "Tmpi.Pyrene.Infrastructure", "Tmpi.Pyrene.Infrastructure\Tmpi.Pyrene.Infrastructure.csproj", "{E10042B4-7DA4-48D8-AE04-4D87A0317D0A}"
EndProject
Project("{FAE04EC0-301F-11D3-BF4B-00C04F79EFBC}") = "Tmpi.Pyrene.Services.Tests", "Tests\Tmpi.Pyrene.Services.Tests\Tmpi.Pyrene.Services.Tests.csproj", "{0B4B8990-9C79-44BC-A8FD-B6B55F43E59C}"
EndProject
Project("{2150E333-8FDC-42A3-9474-1A3956D46DE8}") = "Data", "Data", "{651615AC-608E-4A43-BB76-10DE98EDDF9F}"
EndProject
Project("{00D1A9C2-B5F0-4AF3-8072-F6C62B433612}") = "Tmpi.Pyrene.DataRecovery", "Tmpi.Pyrene.DataRecovery\Tmpi.Pyrene.DataRecovery.sqlproj", "{1D5BDF4C-333C-447C-ADD1-2FF8156AC707}"
EndProject
Project("{FAE04EC0-301F-11D3-BF4B-00C04F79EFBC}") = "Tmpi.Pyrene.UI", "Tmpi.Pyrene.UI\Tmpi.Pyrene.UI.csproj", "{0F676F0B-3DC6-4C8A-9206-6C8C52805C6C}"
EndProject
Global
	GlobalSection(SolutionConfigurationPlatforms) = preSolution
		Debug|Any CPU = Debug|Any CPU
		Release|Any CPU = Release|Any CPU
	EndGlobalSection
	GlobalSection(ProjectConfigurationPlatforms) = postSolution
		{E36C2F27-7CB3-4DAF-BD1D-05E4A5172E5D}.Debug|Any CPU.ActiveCfg = Debug|Any CPU
		{E36C2F27-7CB3-4DAF-BD1D-05E4A5172E5D}.Debug|Any CPU.Build.0 = Debug|Any CPU
		{E36C2F27-7CB3-4DAF-BD1D-05E4A5172E5D}.Debug|Any CPU.Deploy.0 = Debug|Any CPU
		{E36C2F27-7CB3-4DAF-BD1D-05E4A5172E5D}.Release|Any CPU.ActiveCfg = Release|Any CPU
		{E36C2F27-7CB3-4DAF-BD1D-05E4A5172E5D}.Release|Any CPU.Build.0 = Release|Any CPU
		{E36C2F27-7CB3-4DAF-BD1D-05E4A5172E5D}.Release|Any CPU.Deploy.0 = Release|Any CPU
		{E515A547-3E09-4F2E-B1F0-09D3E16FB36A}.Debug|Any CPU.ActiveCfg = Debug|Any CPU
		{E515A547-3E09-4F2E-B1F0-09D3E16FB36A}.Debug|Any CPU.Build.0 = Debug|Any CPU
		{E515A547-3E09-4F2E-B1F0-09D3E16FB36A}.Release|Any CPU.ActiveCfg = Release|Any CPU
		{E515A547-3E09-4F2E-B1F0-09D3E16FB36A}.Release|Any CPU.Build.0 = Release|Any CPU
		{813F65D3-22F1-41DB-84FC-7CFFFBEAD768}.Debug|Any CPU.ActiveCfg = Debug|Any CPU
		{813F65D3-22F1-41DB-84FC-7CFFFBEAD768}.Debug|Any CPU.Build.0 = Debug|Any CPU
		{813F65D3-22F1-41DB-84FC-7CFFFBEAD768}.Release|Any CPU.ActiveCfg = Release|Any CPU
		{813F65D3-22F1-41DB-84FC-7CFFFBEAD768}.Release|Any CPU.Build.0 = Release|Any CPU
		{5D4F7102-8811-420E-930C-98CC13182D29}.Debug|Any CPU.ActiveCfg = Debug|Any CPU
		{5D4F7102-8811-420E-930C-98CC13182D29}.Debug|Any CPU.Build.0 = Debug|Any CPU
		{5D4F7102-8811-420E-930C-98CC13182D29}.Release|Any CPU.ActiveCfg = Release|Any CPU
		{5D4F7102-8811-420E-930C-98CC13182D29}.Release|Any CPU.Build.0 = Release|Any CPU
		{E10042B4-7DA4-48D8-AE04-4D87A0317D0A}.Debug|Any CPU.ActiveCfg = Debug|Any CPU
		{E10042B4-7DA4-48D8-AE04-4D87A0317D0A}.Debug|Any CPU.Build.0 = Debug|Any CPU
		{E10042B4-7DA4-48D8-AE04-4D87A0317D0A}.Release|Any CPU.ActiveCfg = Release|Any CPU
		{E10042B4-7DA4-48D8-AE04-4D87A0317D0A}.Release|Any CPU.Build.0 = Release|Any CPU
		{0B4B8990-9C79-44BC-A8FD-B6B55F43E59C}.Debug|Any CPU.ActiveCfg = Debug|Any CPU
		{0B4B8990-9C79-44BC-A8FD-B6B55F43E59C}.Debug|Any CPU.Build.0 = Debug|Any CPU
		{0B4B8990-9C79-44BC-A8FD-B6B55F43E59C}.Release|Any CPU.ActiveCfg = Release|Any CPU
		{0B4B8990-9C79-44BC-A8FD-B6B55F43E59C}.Release|Any CPU.Build.0 = Release|Any CPU
		{1D5BDF4C-333C-447C-ADD1-2FF8156AC707}.Debug|Any CPU.ActiveCfg = Debug|Any CPU
		{1D5BDF4C-333C-447C-ADD1-2FF8156AC707}.Debug|Any CPU.Build.0 = Debug|Any CPU
		{1D5BDF4C-333C-447C-ADD1-2FF8156AC707}.Debug|Any CPU.Deploy.0 = Debug|Any CPU
		{1D5BDF4C-333C-447C-ADD1-2FF8156AC707}.Release|Any CPU.ActiveCfg = Release|Any CPU
		{1D5BDF4C-333C-447C-ADD1-2FF8156AC707}.Release|Any CPU.Build.0 = Release|Any CPU
		{1D5BDF4C-333C-447C-ADD1-2FF8156AC707}.Release|Any CPU.Deploy.0 = Release|Any CPU
		{0F676F0B-3DC6-4C8A-9206-6C8C52805C6C}.Debug|Any CPU.ActiveCfg = Debug|Any CPU
		{0F676F0B-3DC6-4C8A-9206-6C8C52805C6C}.Debug|Any CPU.Build.0 = Debug|Any CPU
		{0F676F0B-3DC6-4C8A-9206-6C8C52805C6C}.Release|Any CPU.ActiveCfg = Release|Any CPU
		{0F676F0B-3DC6-4C8A-9206-6C8C52805C6C}.Release|Any CPU.Build.0 = Release|Any CPU
	EndGlobalSection
	GlobalSection(SolutionProperties) = preSolution
		HideSolutionNode = FALSE
	EndGlobalSection
	GlobalSection(NestedProjects) = preSolution
		{E36C2F27-7CB3-4DAF-BD1D-05E4A5172E5D} = {651615AC-608E-4A43-BB76-10DE98EDDF9F}
		{E515A547-3E09-4F2E-B1F0-09D3E16FB36A} = {50F15E47-FC18-4687-A7D8-F9FF4B7F0FAD}
		{813F65D3-22F1-41DB-84FC-7CFFFBEAD768} = {0EB21691-0EE0-423C-88AD-1D684D519DD1}
		{E10042B4-7DA4-48D8-AE04-4D87A0317D0A} = {50F15E47-FC18-4687-A7D8-F9FF4B7F0FAD}
		{0B4B8990-9C79-44BC-A8FD-B6B55F43E59C} = {AD2338EE-38D8-48CA-8B11-C5249DA9205E}
		{1D5BDF4C-333C-447C-ADD1-2FF8156AC707} = {651615AC-608E-4A43-BB76-10DE98EDDF9F}
	EndGlobalSection
EndGlobal
