
Microsoft Visual Studio Solution File, Format Version 12.00
# Visual Studio 14
VisualStudioVersion = 14.0.25420.1
MinimumVisualStudioVersion = 10.0.40219.1
Project("{00D1A9C2-B5F0-4AF3-8072-F6C62B433612}") = "Tmpi.Pyrene.Database", "Tmpi.Pyrene.Database\Tmpi.Pyrene.Database.sqlproj", "{E36C2F27-7CB3-4DAF-BD1D-05E4A5172E5D}"
EndProject
Project("{2150E333-8FDC-42A3-9474-1A3956D46DE8}") = "Modules", "Modules", "{0EB21691-0EE0-423C-88AD-1D684D519DD1}"
EndProject
Project("{2150E333-8FDC-42A3-9474-1A3956D46DE8}") = "Common", "Common", "{50F15E47-FC18-4687-A7D8-F9FF4B7F0FAD}"
EndProject
Project("{2150E333-8FDC-42A3-9474-1A3956D46DE8}") = "Tests", "Tests", "{AD2338EE-38D8-48CA-8B11-C5249DA9205E}"
EndProject
Project("{FAE04EC0-301F-11D3-BF4B-00C04F79EFBC}") = "Tmpi.Pyrene.ServiceModel", "Tmpi.Pyrene.ServiceModel\Tmpi.Pyrene.ServiceModel.csproj", "{E515A547-3E09-4F2E-B1F0-09D3E16FB36A}"
EndProject
Project("{FAE04EC0-301F-11D3-BF4B-00C04F79EFBC}") = "Tmpi.Pyrene.ServiceInterface", "Tmpi.Pyrene.ServiceInterface\Tmpi.Pyrene.ServiceInterface.csproj", "{813F65D3-22F1-41DB-84FC-7CFFFBEAD768}"
EndProject
Project("{FAE04EC0-301F-11D3-BF4B-00C04F79EFBC}") = "ConsoleApplication1", "ConsoleApplication1\ConsoleApplication1.csproj", "{4DC56D4D-1213-4B68-B991-EB4F95756CFA}"
EndProject
Global
	GlobalSection(SolutionConfigurationPlatforms) = preSolution
		Debug|Any CPU = Debug|Any CPU
		Release|Any CPU = Release|Any CPU
	EndGlobalSection
	GlobalSection(ProjectConfigurationPlatforms) = postSolution
		{E36C2F27-7CB3-4DAF-BD1D-05E4A5172E5D}.Debug|Any CPU.ActiveCfg = Debug|Any CPU
		{E36C2F27-7CB3-4DAF-BD1D-05E4A5172E5D}.Debug|Any CPU.Build.0 = Debug|Any CPU
		{E36C2F27-7CB3-4DAF-BD1D-05E4A5172E5D}.Debug|Any CPU.Deploy.0 = Debug|Any CPU
		{E36C2F27-7CB3-4DAF-BD1D-05E4A5172E5D}.Release|Any CPU.ActiveCfg = Release|Any CPU
		{E36C2F27-7CB3-4DAF-BD1D-05E4A5172E5D}.Release|Any CPU.Build.0 = Release|Any CPU
		{E36C2F27-7CB3-4DAF-BD1D-05E4A5172E5D}.Release|Any CPU.Deploy.0 = Release|Any CPU
		{E515A547-3E09-4F2E-B1F0-09D3E16FB36A}.Debug|Any CPU.ActiveCfg = Debug|Any CPU
		{E515A547-3E09-4F2E-B1F0-09D3E16FB36A}.Debug|Any CPU.Build.0 = Debug|Any CPU
		{E515A547-3E09-4F2E-B1F0-09D3E16FB36A}.Release|Any CPU.ActiveCfg = Release|Any CPU
		{E515A547-3E09-4F2E-B1F0-09D3E16FB36A}.Release|Any CPU.Build.0 = Release|Any CPU
		{813F65D3-22F1-41DB-84FC-7CFFFBEAD768}.Debug|Any CPU.ActiveCfg = Debug|Any CPU
		{813F65D3-22F1-41DB-84FC-7CFFFBEAD768}.Debug|Any CPU.Build.0 = Debug|Any CPU
		{813F65D3-22F1-41DB-84FC-7CFFFBEAD768}.Release|Any CPU.ActiveCfg = Release|Any CPU
		{813F65D3-22F1-41DB-84FC-7CFFFBEAD768}.Release|Any CPU.Build.0 = Release|Any CPU
		{4DC56D4D-1213-4B68-B991-EB4F95756CFA}.Debug|Any CPU.ActiveCfg = Debug|Any CPU
		{4DC56D4D-1213-4B68-B991-EB4F95756CFA}.Debug|Any CPU.Build.0 = Debug|Any CPU
		{4DC56D4D-1213-4B68-B991-EB4F95756CFA}.Release|Any CPU.ActiveCfg = Release|Any CPU
		{4DC56D4D-1213-4B68-B991-EB4F95756CFA}.Release|Any CPU.Build.0 = Release|Any CPU
	EndGlobalSection
	GlobalSection(SolutionProperties) = preSolution
		HideSolutionNode = FALSE
	EndGlobalSection
	GlobalSection(NestedProjects) = preSolution
		{E36C2F27-7CB3-4DAF-BD1D-05E4A5172E5D} = {50F15E47-FC18-4687-A7D8-F9FF4B7F0FAD}
		{E515A547-3E09-4F2E-B1F0-09D3E16FB36A} = {50F15E47-FC18-4687-A7D8-F9FF4B7F0FAD}
		{813F65D3-22F1-41DB-84FC-7CFFFBEAD768} = {0EB21691-0EE0-423C-88AD-1D684D519DD1}
	EndGlobalSection
EndGlobal
